{
  "R": {
    "Version": "4.5.2",
    "Repositories": [
      {
        "Name": "CRAN",
        "URL": "https://cloud.r-project.org"
      }
    ]
  },
  "Packages": {
    "R6": {
      "Package": "R6",
      "Version": "2.6.1",
      "Source": "Repository",
      "Repository": "CRAN",
      "Requirements": [
        "R"
      ],
      "Hash": "d4335fe7207f1c01ab8c41762f5840d4"
    },
    "brio": {
      "Package": "brio",
      "Version": "1.1.5",
      "Source": "Repository",
      "Repository": "CRAN",
      "Requirements": [
        "R"
      ],
      "Hash": "c1ee497a6d999947c2c224ae46799b1a"
    },
    "callr": {
      "Package": "callr",
      "Version": "3.7.6",
      "Source": "Repository",
      "Repository": "CRAN",
      "Requirements": [
        "R",
        "R6",
        "processx",
        "utils"
      ],
      "Hash": "d7e13f49c19103ece9e58ad2d83a7354"
    },
    "cli": {
      "Package": "cli",
      "Version": "3.6.5",
      "Source": "Repository",
      "Repository": "CRAN",
      "Requirements": [
        "R",
        "utils"
      ],
      "Hash": "16850760556401a2eeb27d39bd11c9cb"
    },
    "crayon": {
      "Package": "crayon",
      "Version": "1.5.3",
      "Source": "Repository",
      "Repository": "CRAN",
      "Requirements": [
        "grDevices",
        "methods",
        "utils"
      ],
      "Hash": "859d96e65ef198fd43e82b9628d593ef"
    },
    "desc": {
      "Package": "desc",
      "Version": "1.4.3",
      "Source": "Repository",
      "Repository": "CRAN",
      "Requirements": [
        "R",
        "R6",
        "cli",
        "utils"
      ],
      "Hash": "99b79fcbd6c4d1ce087f5c5c758b384f"
    },
    "diffobj": {
      "Package": "diffobj",
      "Version": "0.3.6",
      "Source": "Repository",
      "Repository": "CRAN",
      "Requirements": [
        "R",
        "crayon",
        "methods",
        "stats",
        "tools",
        "utils"
      ],
      "Hash": "e036ce354ab60e705ac5f40bac87e8cb"
    },
    "dplyr": {
      "Package": "dplyr",
      "Version": "1.2.0",
      "Source": "Repository",
      "Repository": "CRAN",
      "Requirements": [
        "R",
        "R6",
        "cli",
        "generics",
        "glue",
        "lifecycle",
        "magrittr",
        "methods",
        "pillar",
        "rlang",
        "tibble",
        "tidyselect",
        "utils",
        "vctrs"
      ],
      "Hash": "71a469a5d5f9fdbf7de6c0dbeece0e22"
    },
    "evaluate": {
      "Package": "evaluate",
      "Version": "1.0.5",
      "Source": "Repository",
      "Repository": "CRAN",
      "Requirements": [
        "R"
      ],
      "Hash": "94cf2c54237f6841cee68e3ba4ab5a14"
    },
    "fs": {
      "Package": "fs",
      "Version": "1.6.6",
      "Source": "Repository",
      "Repository": "CRAN",
      "Requirements": [
        "R",
        "methods"
      ],
      "Hash": "7eb1e342eee7e0a7449c49cdaa526d39"
    },
    "generics": {
      "Package": "generics",
      "Version": "0.1.4",
      "Source": "Repository",
      "Repository": "CRAN",
      "Requirements": [
        "R",
        "methods"
      ],
      "Hash": "4b29bf698d0c7bdb9f1e4976e7ade41d"
    },
    "glue": {
      "Package": "glue",
      "Version": "1.8.0",
      "Source": "Repository",
      "Repository": "CRAN",
      "Requirements": [
        "R",
        "methods"
      ],
      "Hash": "5899f1eaa825580172bb56c08266f37c"
    },
    "jsonlite": {
      "Package": "jsonlite",
      "Version": "2.0.0",
      "Source": "Repository",
      "Repository": "CRAN",
      "Requirements": [
        "methods"
      ],
      "Hash": "b0776f526d36d8bd4a3344a88fe165c4"
    },
    "lifecycle": {
      "Package": "lifecycle",
      "Version": "1.0.5",
      "Source": "Repository",
      "Repository": "CRAN",
      "Requirements": [
        "R",
        "cli",
        "rlang"
      ],
      "Hash": "36dbfe4fba6c064db50a671a90297c85"
    },
    "magrittr": {
      "Package": "magrittr",
      "Version": "2.0.4",
      "Source": "Repository",
      "Repository": "CRAN",
      "Requirements": [
        "R"
      ],
      "Hash": "8b3b213aa0c54a0dec254288ccb545d1"
    },
    "pillar": {
      "Package": "pillar",
      "Version": "1.11.1",
      "Source": "Repository",
      "Repository": "CRAN",
      "Requirements": [
        "cli",
        "glue",
        "lifecycle",
        "rlang",
        "utf8",
        "utils",
        "vctrs"
      ],
      "Hash": "1395e64f2689ffd503657778e810cee2"
    },
    "pkgbuild": {
      "Package": "pkgbuild",
      "Version": "1.4.8",
      "Source": "Repository",
      "Repository": "CRAN",
      "Requirements": [
        "R",
        "R6",
        "callr",
        "cli",
        "desc",
        "processx"
      ],
      "Hash": "fc9fc4162e79a94f760aac8d328ee6c9"
    },
    "pkgconfig": {
      "Package": "pkgconfig",
      "Version": "2.0.3",
      "Source": "Repository",
      "Repository": "CRAN",
      "Requirements": [
        "utils"
      ],
      "Hash": "01f28d4278f15c76cddbea05899c5d6f"
    },
    "pkgload": {
      "Package": "pkgload",
      "Version": "1.5.0",
      "Source": "Repository",
      "Repository": "CRAN",
      "Requirements": [
        "R",
        "cli",
        "desc",
        "fs",
        "glue",
        "lifecycle",
        "methods",
        "pkgbuild",
        "processx",
        "rlang",
        "rprojroot",
        "utils"
      ],
      "Hash": "91a99cbfcb01c854584e7d1b69035c2c"
    },
    "praise": {
      "Package": "praise",
      "Version": "1.0.0",
      "Source": "Repository",
      "Repository": "CRAN",
      "Hash": "a555924add98c99d2f411e37e7d25e9f"
    },
    "processx": {
      "Package": "processx",
      "Version": "3.8.6",
      "Source": "Repository",
      "Repository": "CRAN",
      "Requirements": [
        "R",
        "R6",
        "ps",
        "utils"
      ],
      "Hash": "720161b280b0a35f4d1490ead2fe81d0"
    },
    "ps": {
      "Package": "ps",
      "Version": "1.9.1",
      "Source": "Repository",
      "Repository": "CRAN",
      "Requirements": [
        "R",
        "utils"
      ],
      "Hash": "093688087b0bacce6ba2f661f36328e2"
    },
    "renv": {
      "Package": "renv",
      "Version": "1.0.3",
      "Source": "Repository",
      "Repository": "CRAN",
      "Requirements": [
        "utils"
      ],
      "Hash": "41b847654f567341725473431dd0d5ab"
    },
    "rlang": {
      "Package": "rlang",
      "Version": "1.1.7",
      "Source": "Repository",
      "Repository": "CRAN",
      "Requirements": [
        "R",
        "utils"
      ],
      "Hash": "34c0d101f4613098abc538b82e0d86c5"
    },
    "rprojroot": {
      "Package": "rprojroot",
      "Version": "2.1.1",
      "Source": "Repository",
      "Repository": "CRAN",
      "Requirements": [
        "R"
      ],
      "Hash": "b2453de2d29aa646afe4781defdc7903"
    },
    "testthat": {
      "Package": "testthat",
      "Version": "3.3.2",
      "Source": "Repository",
      "Repository": "CRAN",
      "Requirements": [
        "R",
        "R6",
        "brio",
        "callr",
        "cli",
        "desc",
        "evaluate",
        "jsonlite",
        "lifecycle",
        "magrittr",
        "methods",
        "pkgload",
        "praise",
        "processx",
        "ps",
        "rlang",
        "utils",
        "waldo",
        "withr"
      ],
      "Hash": "0ff174f3cfef696f36a70dc84a0fd839"
    },
    "tibble": {
      "Package": "tibble",
      "Version": "3.3.1",
      "Source": "Repository",
      "Repository": "CRAN",
      "Requirements": [
        "R",
        "cli",
        "lifecycle",
        "magrittr",
        "methods",
        "pillar",
        "pkgconfig",
        "rlang",
        "utils",
        "vctrs"
      ],
      "Hash": "c55df870972551cac674b50cadb2d51f"
    },
    "tidyselect": {
      "Package": "tidyselect",
      "Version": "1.2.1",
      "Source": "Repository",
      "Repository": "CRAN",
      "Requirements": [
        "R",
        "cli",
        "glue",
        "lifecycle",
        "rlang",
        "vctrs",
        "withr"
      ],
      "Hash": "829f27b9c4919c16b593794a6344d6c0"
    },
    "utf8": {
      "Package": "utf8",
      "Version": "1.2.6",
      "Source": "Repository",
      "Repository": "CRAN",
      "Requirements": [
        "R"
      ],
      "Hash": "d526d558be176e9ceb68c3d1e83479b7"
    },
    "vctrs": {
      "Package": "vctrs",
      "Version": "0.7.1",
      "Source": "Repository",
      "Repository": "CRAN",
      "Requirements": [
        "R",
        "cli",
        "glue",
        "lifecycle",
        "rlang"
      ],
      "Hash": "c64e64d93489bb62bb8747bbb9e06c09"
    },
    "waldo": {
      "Package": "waldo",
      "Version": "0.6.2",
      "Source": "Repository",
      "Repository": "CRAN",
      "Requirements": [
        "R",
        "cli",
        "diffobj",
        "glue",
        "methods",
        "rlang"
      ],
      "Hash": "b7b91294ee9418a54527a9a9d8677597"
    },
    "withr": {
      "Package": "withr",
      "Version": "3.0.2",
      "Source": "Repository",
      "Repository": "CRAN",
      "Requirements": [
        "R",
        "grDevices",
        "graphics"
      ],
      "Hash": "cc2d62c76458d425210d1eb1478b30b4"
    }
  }
}
